
Microsoft Visual Studio Solution File, Format Version 12.00
# Visual Studio 15
VisualStudioVersion = 15.0.27703.2018
MinimumVisualStudioVersion = 10.0.40219.1
Project("{2150E333-8FDC-42A3-9474-1A3956D46DE8}") = "Deployment", "Deployment", "{FB7A5970-1C19-48B0-AAC9-EA41424987A7}"
	ProjectSection(SolutionItems) = preProject
		Deployment\parameters.json = Deployment\parameters.json
		Deployment\template.json = Deployment\template.json
	EndProjectSection
EndProject
Global
	GlobalSection(SolutionProperties) = preSolution
		HideSolutionNode = FALSE
	EndGlobalSection
	GlobalSection(ExtensibilityGlobals) = postSolution
		SolutionGuid = {2A89B7AE-468E-43B5-A91E-A1DC412A19C8}
	EndGlobalSection
EndGlobal
